
Microsoft Visual Studio Solution File, Format Version 12.00
# Visual Studio 2012
Project("{FAE04EC0-301F-11D3-BF4B-00C04F79EFBC}") = "SocialNetwork", "SocialNetwork\SocialNetwork.csproj", "{6BEEEFED-6531-4F9E-9E8D-9A89849FA051}"
	ProjectSection(ProjectDependencies) = postProject
		{337F618A-1677-443E-9ECE-89FDF6508589} = {337F618A-1677-443E-9ECE-89FDF6508589}
	EndProjectSection
EndProject
Project("{FAE04EC0-301F-11D3-BF4B-00C04F79EFBC}") = "LuceneController", "LuceneController\LuceneController.csproj", "{0B48686C-C123-453C-8580-D1D197C5C430}"
EndProject
Project("{FAE04EC0-301F-11D3-BF4B-00C04F79EFBC}") = "AbotCrawler", "AbotCrawler\AbotCrawler.csproj", "{337F618A-1677-443E-9ECE-89FDF6508589}"
EndProject
Project("{2150E333-8FDC-42A3-9474-1A3956D46DE8}") = ".nuget", ".nuget", "{D762499B-122E-4268-98E8-46F4B704D16E}"
	ProjectSection(SolutionItems) = preProject
		.nuget\NuGet.Config = .nuget\NuGet.Config
		.nuget\NuGet.exe = .nuget\NuGet.exe
		.nuget\NuGet.targets = .nuget\NuGet.targets
	EndProjectSection
EndProject
Global
	GlobalSection(SolutionConfigurationPlatforms) = preSolution
		Debug|Any CPU = Debug|Any CPU
		Release|Any CPU = Release|Any CPU
	EndGlobalSection
	GlobalSection(ProjectConfigurationPlatforms) = postSolution
		{6BEEEFED-6531-4F9E-9E8D-9A89849FA051}.Debug|Any CPU.ActiveCfg = Debug|Any CPU
		{6BEEEFED-6531-4F9E-9E8D-9A89849FA051}.Debug|Any CPU.Build.0 = Debug|Any CPU
		{6BEEEFED-6531-4F9E-9E8D-9A89849FA051}.Release|Any CPU.ActiveCfg = Release|Any CPU
		{6BEEEFED-6531-4F9E-9E8D-9A89849FA051}.Release|Any CPU.Build.0 = Release|Any CPU
		{0B48686C-C123-453C-8580-D1D197C5C430}.Debug|Any CPU.ActiveCfg = Debug|Any CPU
		{0B48686C-C123-453C-8580-D1D197C5C430}.Debug|Any CPU.Build.0 = Debug|Any CPU
		{0B48686C-C123-453C-8580-D1D197C5C430}.Release|Any CPU.ActiveCfg = Release|Any CPU
		{0B48686C-C123-453C-8580-D1D197C5C430}.Release|Any CPU.Build.0 = Release|Any CPU
		{337F618A-1677-443E-9ECE-89FDF6508589}.Debug|Any CPU.ActiveCfg = Debug|Any CPU
		{337F618A-1677-443E-9ECE-89FDF6508589}.Debug|Any CPU.Build.0 = Debug|Any CPU
		{337F618A-1677-443E-9ECE-89FDF6508589}.Release|Any CPU.ActiveCfg = Release|Any CPU
		{337F618A-1677-443E-9ECE-89FDF6508589}.Release|Any CPU.Build.0 = Release|Any CPU
	EndGlobalSection
	GlobalSection(SolutionProperties) = preSolution
		HideSolutionNode = FALSE
	EndGlobalSection
EndGlobal
